{
  "name": "backinfront",
  "version": "2.0.4",
  "lockfileVersion": 2,
  "requires": true,
  "packages": {
    "": {
      "name": "backinfront",
      "version": "2.0.4",
      "license": "ISC",
      "dependencies": {
        "idb": "^7.0.1",
        "utilib": "github:madmoizo/utilib"
      }
    },
    "node_modules/idb": {
      "version": "7.0.1",
      "resolved": "https://registry.npmjs.org/idb/-/idb-7.0.1.tgz",
      "integrity": "sha512-UUxlE7vGWK5RfB/fDwEGgRf84DY/ieqNha6msMV99UsEMQhJ1RwbCd8AYBj3QMgnE3VZnfQvm4oKVCJTYlqIgg=="
    },
    "node_modules/utilib": {
      "version": "1.0.0",
      "resolved": "git+ssh://git@github.com/madmoizo/utilib.git#696e263d9ee74db42d2f27ce5b24a2c1b545bcd5",
      "license": "ISC"
    }
  },
  "dependencies": {
    "idb": {
      "version": "7.0.1",
      "resolved": "https://registry.npmjs.org/idb/-/idb-7.0.1.tgz",
      "integrity": "sha512-UUxlE7vGWK5RfB/fDwEGgRf84DY/ieqNha6msMV99UsEMQhJ1RwbCd8AYBj3QMgnE3VZnfQvm4oKVCJTYlqIgg=="
    },
    "utilib": {
      "version": "git+ssh://git@github.com/madmoizo/utilib.git#696e263d9ee74db42d2f27ce5b24a2c1b545bcd5",
      "from": "utilib@github:madmoizo/utilib"
    }
  }
}
