{
  "name": "backinfront",
  "version": "3.0.1",
  "lockfileVersion": 2,
  "requires": true,
  "packages": {
    "": {
      "name": "backinfront",
      "version": "3.0.1",
      "license": "ISC",
      "dependencies": {
        "idb": "^7.0.1",
        "utililib": "^1.6.1"
      }
    },
    "node_modules/idb": {
      "version": "7.0.1",
      "resolved": "https://registry.npmjs.org/idb/-/idb-7.0.1.tgz",
      "integrity": "sha512-UUxlE7vGWK5RfB/fDwEGgRf84DY/ieqNha6msMV99UsEMQhJ1RwbCd8AYBj3QMgnE3VZnfQvm4oKVCJTYlqIgg=="
    },
    "node_modules/utililib": {
      "version": "1.6.1",
      "resolved": "https://registry.npmjs.org/utililib/-/utililib-1.6.1.tgz",
      "integrity": "sha512-mtByydKpOeiiE0kvN1k4CybMwvOR4FZJ5GeVqn54/8M+QYTmiAZEm7De6G0kMEJBD2NxHaz5i6elMFx9mMrEgw=="
    }
  },
  "dependencies": {
    "idb": {
      "version": "7.0.1",
      "resolved": "https://registry.npmjs.org/idb/-/idb-7.0.1.tgz",
      "integrity": "sha512-UUxlE7vGWK5RfB/fDwEGgRf84DY/ieqNha6msMV99UsEMQhJ1RwbCd8AYBj3QMgnE3VZnfQvm4oKVCJTYlqIgg=="
    },
    "utililib": {
      "version": "1.6.1",
      "resolved": "https://registry.npmjs.org/utililib/-/utililib-1.6.1.tgz",
      "integrity": "sha512-mtByydKpOeiiE0kvN1k4CybMwvOR4FZJ5GeVqn54/8M+QYTmiAZEm7De6G0kMEJBD2NxHaz5i6elMFx9mMrEgw=="
    }
  }
}
